{
  "nodes": {
    "nixpkgs": {
      "locked": {
        "lastModified": 1784796856,
        "narHash": "sha256-wWFrV5/Qbm+lyt5x20E/bSbfJiGKMo4RCxZV8cl/WZI=",
        "owner": "nixos",
        "repo": "nixpkgs",
        "rev": "e2587caef70cea85dd97d7daab492899902dbf5d",
        "type": "github"
      },
      "original": {
        "owner": "nixos",
        "ref": "nixos-unstable",
        "repo": "nixpkgs",
        "type": "github"
      }
    },
    "root": {
      "inputs": {
        "nixpkgs": "nixpkgs",
        "subfolder-flake": "subfolder-flake"
      }
    },
    "subfolder-flake": {
      "inputs": {
        "nixpkgs": [
          "nixpkgs"
        ]
      },
      "locked": {
        "dir": "platformio",
        "lastModified": 1781225543,
        "narHash": "sha256-X/YTlfr7ohqCbvlveYPORPxm8g2pPOakFdUlkqLknVk=",
        "owner": "the-nix-way",
        "repo": "dev-templates",
        "rev": "6a7eefd8fd910a831de525811393e499bc06dfa1",
        "type": "github"
      },
      "original": {
        "dir": "platformio",
        "owner": "the-nix-way",
        "repo": "dev-templates",
        "type": "github"
      }
    }
  },
  "root": "root",
  "version": 7
}
